
Microsoft Visual Studio Solution File, Format Version 12.00
# Visual Studio 14
VisualStudioVersion = 14.0.25420.1
MinimumVisualStudioVersion = 10.0.40219.1
Project("{2150E333-8FDC-42A3-9474-1A3956D46DE8}") = "src", "src", "{01CBA07A-AF42-4D01-9634-DFE4B844B47D}"
EndProject
Project("{2150E333-8FDC-42A3-9474-1A3956D46DE8}") = "Solution Items", "Solution Items", "{49F5934A-995C-4698-ACC7-FC45EEB519E0}"
	ProjectSection(SolutionItems) = preProject
		global.json = global.json
	EndProjectSection
EndProject
Project("{8BB2217D-0F2D-49D1-97BC-3654ED321F3B}") = "SimpleAppWithCore", "src\SimpleAppWithCore\SimpleAppWithCore.xproj", "{69FEB7B0-9364-46BA-A1DB-9910EF1137D6}"
EndProject
Global
	GlobalSection(SolutionConfigurationPlatforms) = preSolution
		Debug|Any CPU = Debug|Any CPU
		Release|Any CPU = Release|Any CPU
	EndGlobalSection
	GlobalSection(ProjectConfigurationPlatforms) = postSolution
		{69FEB7B0-9364-46BA-A1DB-9910EF1137D6}.Debug|Any CPU.ActiveCfg = Debug|Any CPU
		{69FEB7B0-9364-46BA-A1DB-9910EF1137D6}.Debug|Any CPU.Build.0 = Debug|Any CPU
		{69FEB7B0-9364-46BA-A1DB-9910EF1137D6}.Release|Any CPU.ActiveCfg = Release|Any CPU
		{69FEB7B0-9364-46BA-A1DB-9910EF1137D6}.Release|Any CPU.Build.0 = Release|Any CPU
	EndGlobalSection
	GlobalSection(SolutionProperties) = preSolution
		HideSolutionNode = FALSE
	EndGlobalSection
	GlobalSection(NestedProjects) = preSolution
		{69FEB7B0-9364-46BA-A1DB-9910EF1137D6} = {01CBA07A-AF42-4D01-9634-DFE4B844B47D}
	EndGlobalSection
EndGlobal
